// !$*UTF8*$!
{
	archiveVersion = 1;
	classes = {
	};
	objectVersion = 46;
	objects = {

/* Begin PBXBuildFile section */
		91A957FD1E014DAB00C261D0 /* AppDelegate.swift in Sources */ = {isa = PBXBuildFile; fileRef = 91A957FC1E014DAB00C261D0 /* AppDelegate.swift */; };
		91A957FF1E014DAB00C261D0 /* ViewController.swift in Sources */ = {isa = PBXBuildFile; fileRef = 91A957FE1E014DAB00C261D0 /* ViewController.swift */; };
		91A958021E014DAB00C261D0 /* Main.storyboard in Resources */ = {isa = PBXBuildFile; fileRef = 91A958001E014DAB00C261D0 /* Main.storyboard */; };
		91A958041E014DAB00C261D0 /* Assets.xcassets in Resources */ = {isa = PBXBuildFile; fileRef = 91A958031E014DAB00C261D0 /* Assets.xcassets */; };
		91A958071E014DAB00C261D0 /* LaunchScreen.storyboard in Resources */ = {isa = PBXBuildFile; fileRef = 91A958051E014DAB00C261D0 /* LaunchScreen.storyboard */; };
		91A958101E014E9800C261D0 /* start.txt in Resources */ = {isa = PBXBuildFile; fileRef = 91A9580F1E014E9800C261D0 /* start.txt */; };
/* End PBXBuildFile section */

/* Begin PBXFileReference section */
		91A957F91E014DAB00C261D0 /* Word Scramble.app */ = {isa = PBXFileReference; explicitFileType = wrapper.application; includeInIndex = 0; path = "Word Scramble.app"; sourceTree = BUILT_PRODUCTS_DIR; };
		91A957FC1E014DAB00C261D0 /* AppDelegate.swift */ = {isa = PBXFileReference; lastKnownFileType = sourcecode.swift; path = AppDelegate.swift; sourceTree = "<group>"; };
		91A957FE1E014DAB00C261D0 /* ViewController.swift */ = {isa = PBXFileReference; lastKnownFileType = sourcecode.swift; path = ViewController.swift; sourceTree = "<group>"; };
		91A958011E014DAB00C261D0 /* Base */ = {isa = PBXFileReference; lastKnownFileType = file.storyboard; name = Base; path = Base.lproj/Main.storyboard; sourceTree = "<group>"; };
		91A958031E014DAB00C261D0 /* Assets.xcassets */ = {isa = PBXFileReference; lastKnownFileType = folder.assetcatalog; path = Assets.xcassets; sourceTree = "<group>"; };
		91A958061E014DAB00C261D0 /* Base */ = {isa = PBXFileReference; lastKnownFileType = file.storyboard; name = Base; path = Base.lproj/LaunchScreen.storyboard; sourceTree = "<group>"; };
		91A958081E014DAB00C261D0 /* Info.plist */ = {isa = PBXFileReference; lastKnownFileType = text.plist.xml; path = Info.plist; sourceTree = "<group>"; };
		91A9580F1E014E9800C261D0 /* start.txt */ = {isa = PBXFileReference; fileEncoding = 4; lastKnownFileType = text; path = start.txt; sourceTree = "<group>"; };
/* End PBXFileReference section */

/* Begin PBXFrameworksBuildPhase section */
		91A957F61E014DAB00C261D0 /* Frameworks */ = {
			isa = PBXFrameworksBuildPhase;
			buildActionMask = 2147483647;
			files = (
			);
			runOnlyForDeploymentPostprocessing = 0;
		};
/* End PBXFrameworksBuildPhase section */

/* Begin PBXGroup section */
		91A957F01E014DAB00C261D0 = {
			isa = PBXGroup;
			children = (
				91A957FB1E014DAB00C261D0 /* Word Scramble */,
				91A957FA1E014DAB00C261D0 /* Products */,
			);
			sourceTree = "<group>";
		};
		91A957FA1E014DAB00C261D0 /* Products */ = {
			isa = PBXGroup;
			children = (
				91A957F91E014DAB00C261D0 /* Word Scramble.app */,
			);
			name = Products;
			sourceTree = "<group>";
		};
		91A957FB1E014DAB00C261D0 /* Word Scramble */ = {
			isa = PBXGroup;
			children = (
				91A957FC1E014DAB00C261D0 /* AppDelegate.swift */,
				91A957FE1E014DAB00C261D0 /* ViewController.swift */,
				91A958001E014DAB00C261D0 /* Main.storyboard */,
				91A958031E014DAB00C261D0 /* Assets.xcassets */,
				91A958051E014DAB00C261D0 /* LaunchScreen.storyboard */,
				91A958081E014DAB00C261D0 /* Info.plist */,
				91A9580E1E014E9800C261D0 /* Content */,
			);
			path = "Word Scramble";
			sourceTree = "<group>";
		};
		91A9580E1E014E9800C261D0 /* Content */ = {
			isa = PBXGroup;
			children = (
				91A9580F1E014E9800C261D0 /* start.txt */,
			);
			path = Content;
			sourceTree = "<group>";
		};
/* End PBXGroup section */

/* Begin PBXNativeTarget section */
		91A957F81E014DAB00C261D0 /* Word Scramble */ = {
			isa = PBXNativeTarget;
			buildConfigurationList = 91A9580B1E014DAC00C261D0 /* Build configuration list for PBXNativeTarget "Word Scramble" */;
			buildPhases = (
				91A957F51E014DAB00C261D0 /* Sources */,
				91A957F61E014DAB00C261D0 /* Frameworks */,
				91A957F71E014DAB00C261D0 /* Resources */,
			);
			buildRules = (
			);
			dependencies = (
			);
			name = "Word Scramble";
			productName = "Word Scramble";
			productReference = 91A957F91E014DAB00C261D0 /* Word Scramble.app */;
			productType = "com.apple.product-type.application";
		};
/* End PBXNativeTarget section */

/* Begin PBXProject section */
		91A957F11E014DAB00C261D0 /* Project object */ = {
			isa = PBXProject;
			attributes = {
				LastSwiftUpdateCheck = 0810;
				LastUpgradeCheck = 0810;
				ORGANIZATIONNAME = "Raymond Lee";
				TargetAttributes = {
					91A957F81E014DAB00C261D0 = {
						CreatedOnToolsVersion = 8.1;
						ProvisioningStyle = Automatic;
					};
				};
			};
			buildConfigurationList = 91A957F41E014DAB00C261D0 /* Build configuration list for PBXProject "Word Scramble" */;
			compatibilityVersion = "Xcode 3.2";
			developmentRegion = English;
			hasScannedForEncodings = 0;
			knownRegions = (
				en,
				Base,
			);
			mainGroup = 91A957F01E014DAB00C261D0;
			productRefGroup = 91A957FA1E014DAB00C261D0 /* Products */;
			projectDirPath = "";
			projectRoot = "";
			targets = (
				91A957F81E014DAB00C261D0 /* Word Scramble */,
			);
		};
/* End PBXProject section */

/* Begin PBXResourcesBuildPhase section */
		91A957F71E014DAB00C261D0 /* Resources */ = {
			isa = PBXResourcesBuildPhase;
			buildActionMask = 2147483647;
			files = (
				91A958071E014DAB00C261D0 /* LaunchScreen.storyboard in Resources */,
				91A958101E014E9800C261D0 /* start.txt in Resources */,
				91A958041E014DAB00C261D0 /* Assets.xcassets in Resources */,
				91A958021E014DAB00C261D0 /* Main.storyboard in Resources */,
			);
			runOnlyForDeploymentPostprocessing = 0;
		};
/* End PBXResourcesBuildPhase section */

/* Begin PBXSourcesBuildPhase section */
		91A957F51E014DAB00C261D0 /* Sources */ = {
			isa = PBXSourcesBuildPhase;
			buildActionMask = 2147483647;
			files = (
				91A957FF1E014DAB00C261D0 /* ViewController.swift in Sources */,
				91A957FD1E014DAB00C261D0 /* AppDelegate.swift in Sources */,
			);
			runOnlyForDeploymentPostprocessing = 0;
		};
/* End PBXSourcesBuildPhase section */

/* Begin PBXVariantGroup section */
		91A958001E014DAB00C261D0 /* Main.storyboard */ = {
			isa = PBXVariantGroup;
			children = (
				91A958011E014DAB00C261D0 /* Base */,
			);
			name = Main.storyboard;
			sourceTree = "<group>";
		};
		91A958051E014DAB00C261D0 /* LaunchScreen.storyboard */ = {
			isa = PBXVariantGroup;
			children = (
				91A958061E014DAB00C261D0 /* Base */,
			);
			name = LaunchScreen.storyboard;
			sourceTree = "<group>";
		};
/* End PBXVariantGroup section */

/* Begin XCBuildConfiguration section */
		91A958091E014DAB00C261D0 /* Debug */ = {
			isa = XCBuildConfiguration;
			buildSettings = {
				ALWAYS_SEARCH_USER_PATHS = NO;
				CLANG_ANALYZER_NONNULL = YES;
				CLANG_CXX_LANGUAGE_STANDARD = "gnu++0x";
				CLANG_CXX_LIBRARY = "libc++";
				CLANG_ENABLE_MODULES = YES;
				CLANG_ENABLE_OBJC_ARC = YES;
				CLANG_WARN_BOOL_CONVERSION = YES;
				CLANG_WARN_CONSTANT_CONVERSION = YES;
				CLANG_WARN_DIRECT_OBJC_ISA_USAGE = YES_ERROR;
				CLANG_WARN_DOCUMENTATION_COMMENTS = YES;
				CLANG_WARN_EMPTY_BODY = YES;
				CLANG_WARN_ENUM_CONVERSION = YES;
				CLANG_WARN_INFINITE_RECURSION = YES;
				CLANG_WARN_INT_CONVERSION = YES;
				CLANG_WARN_OBJC_ROOT_CLASS = YES_ERROR;
				CLANG_WARN_SUSPICIOUS_MOVES = YES;
				CLANG_WARN_UNREACHABLE_CODE = YES;
				CLANG_WARN__DUPLICATE_METHOD_MATCH = YES;
				"CODE_SIGN_IDENTITY[sdk=iphoneos*]" = "iPhone Developer";
				COPY_PHASE_STRIP = NO;
				DEBUG_INFORMATION_FORMAT = dwarf;
				ENABLE_STRICT_OBJC_MSGSEND = YES;
				ENABLE_TESTABILITY = YES;
				GCC_C_LANGUAGE_STANDARD = gnu99;
				GCC_DYNAMIC_NO_PIC = NO;
				GCC_NO_COMMON_BLOCKS = YES;
				GCC_OPTIMIZATION_LEVEL = 0;
				GCC_PREPROCESSOR_DEFINITIONS = (
					"DEBUG=1",
					"$(inherited)",
				);
				GCC_WARN_64_TO_32_BIT_CONVERSION = YES;
				GCC_WARN_ABOUT_RETURN_TYPE = YES_ERROR;
				GCC_WARN_UNDECLARED_SELECTOR = YES;
				GCC_WARN_UNINITIALIZED_AUTOS = YES_AGGRESSIVE;
				GCC_WARN_UNUSED_FUNCTION = YES;
				GCC_WARN_UNUSED_VARIABLE = YES;
				IPHONEOS_DEPLOYMENT_TARGET = 10.1;
				MTL_ENABLE_DEBUG_INFO = YES;
				ONLY_ACTIVE_ARCH = YES;
				SDKROOT = iphoneos;
				SWIFT_ACTIVE_COMPILATION_CONDITIONS = DEBUG;
				SWIFT_OPTIMIZATION_LEVEL = "-Onone";
			};
			name = Debug;
		};
		91A9580A1E014DAB00C261D0 /* Release */ = {
			isa = XCBuildConfiguration;
			buildSettings = {
				ALWAYS_SEARCH_USER_PATHS = NO;
				CLANG_ANALYZER_NONNULL = YES;
				CLANG_CXX_LANGUAGE_STANDARD = "gnu++0x";
				CLANG_CXX_LIBRARY = "libc++";
				CLANG_ENABLE_MODULES = YES;
				CLANG_ENABLE_OBJC_ARC = YES;
				CLANG_WARN_BOOL_CONVERSION = YES;
				CLANG_WARN_CONSTANT_CONVERSION = YES;
				CLANG_WARN_DIRECT_OBJC_ISA_USAGE = YES_ERROR;
				CLANG_WARN_DOCUMENTATION_COMMENTS = YES;
				CLANG_WARN_EMPTY_BODY = YES;
				CLANG_WARN_ENUM_CONVERSION = YES;
				CLANG_WARN_INFINITE_RECURSION = YES;
				CLANG_WARN_INT_CONVERSION = YES;
				CLANG_WARN_OBJC_ROOT_CLASS = YES_ERROR;
				CLANG_WARN_SUSPICIOUS_MOVES = YES;
				CLANG_WARN_UNREACHABLE_CODE = YES;
				CLANG_WARN__DUPLICATE_METHOD_MATCH = YES;
				"CODE_SIGN_IDENTITY[sdk=iphoneos*]" = "iPhone Developer";
				COPY_PHASE_STRIP = NO;
				DEBUG_INFORMATION_FORMAT = "dwarf-with-dsym";
				ENABLE_NS_ASSERTIONS = NO;
				ENABLE_STRICT_OBJC_MSGSEND = YES;
				GCC_C_LANGUAGE_STANDARD = gnu99;
				GCC_NO_COMMON_BLOCKS = YES;
				GCC_WARN_64_TO_32_BIT_CONVERSION = YES;
				GCC_WARN_ABOUT_RETURN_TYPE = YES_ERROR;
				GCC_WARN_UNDECLARED_SELECTOR = YES;
				GCC_WARN_UNINITIALIZED_AUTOS = YES_AGGRESSIVE;
				GCC_WARN_UNUSED_FUNCTION = YES;
				GCC_WARN_UNUSED_VARIABLE = YES;
				IPHONEOS_DEPLOYMENT_TARGET = 10.1;
				MTL_ENABLE_DEBUG_INFO = NO;
				SDKROOT = iphoneos;
				SWIFT_OPTIMIZATION_LEVEL = "-Owholemodule";
				VALIDATE_PRODUCT = YES;
			};
			name = Release;
		};
		91A9580C1E014DAC00C261D0 /* Debug */ = {
			isa = XCBuildConfiguration;
			buildSettings = {
				ASSETCATALOG_COMPILER_APPICON_NAME = AppIcon;
				INFOPLIST_FILE = "Word Scramble/Info.plist";
				LD_RUNPATH_SEARCH_PATHS = "$(inherited) @executable_path/Frameworks";
				PRODUCT_BUNDLE_IDENTIFIER = "Raymond-Lee.Word-Scramble";
				PRODUCT_NAME = "$(TARGET_NAME)";
				SWIFT_VERSION = 3.0;
			};
			name = Debug;
		};
		91A9580D1E014DAC00C261D0 /* Release */ = {
			isa = XCBuildConfiguration;
			buildSettings = {
				ASSETCATALOG_COMPILER_APPICON_NAME = AppIcon;
				INFOPLIST_FILE = "Word Scramble/Info.plist";
				LD_RUNPATH_SEARCH_PATHS = "$(inherited) @executable_path/Frameworks";
				PRODUCT_BUNDLE_IDENTIFIER = "Raymond-Lee.Word-Scramble";
				PRODUCT_NAME = "$(TARGET_NAME)";
				SWIFT_VERSION = 3.0;
			};
			name = Release;
		};
/* End XCBuildConfiguration section */

/* Begin XCConfigurationList section */
		91A957F41E014DAB00C261D0 /* Build configuration list for PBXProject "Word Scramble" */ = {
			isa = XCConfigurationList;
			buildConfigurations = (
				91A958091E014DAB00C261D0 /* Debug */,
				91A9580A1E014DAB00C261D0 /* Release */,
			);
			defaultConfigurationIsVisible = 0;
			defaultConfigurationName = Release;
		};
		91A9580B1E014DAC00C261D0 /* Build configuration list for PBXNativeTarget "Word Scramble" */ = {
			isa = XCConfigurationList;
			buildConfigurations = (
				91A9580C1E014DAC00C261D0 /* Debug */,
				91A9580D1E014DAC00C261D0 /* Release */,
			);
			defaultConfigurationIsVisible = 0;
		};
/* End XCConfigurationList section */
	};
	rootObject = 91A957F11E014DAB00C261D0 /* Project object */;
}
